
Microsoft Visual Studio Solution File, Format Version 12.00
# Visual Studio 15
VisualStudioVersion = 15.0.28307.421
MinimumVisualStudioVersion = 10.0.40219.1
Project("{FAE04EC0-301F-11D3-BF4B-00C04F79EFBC}") = "ServiceBusWindsorTest", "ServiceBusWindsorTest\ServiceBusWindsorTest.csproj", "{A6D33E6D-9A67-4448-879E-E98DF9C78905}"
EndProject
Global
	GlobalSection(SolutionConfigurationPlatforms) = preSolution
		Debug|Any CPU = Debug|Any CPU
		Release|Any CPU = Release|Any CPU
	EndGlobalSection
	GlobalSection(ProjectConfigurationPlatforms) = postSolution
		{A6D33E6D-9A67-4448-879E-E98DF9C78905}.Debug|Any CPU.ActiveCfg = Debug|Any CPU
		{A6D33E6D-9A67-4448-879E-E98DF9C78905}.Debug|Any CPU.Build.0 = Debug|Any CPU
		{A6D33E6D-9A67-4448-879E-E98DF9C78905}.Release|Any CPU.ActiveCfg = Release|Any CPU
		{A6D33E6D-9A67-4448-879E-E98DF9C78905}.Release|Any CPU.Build.0 = Release|Any CPU
	EndGlobalSection
	GlobalSection(SolutionProperties) = preSolution
		HideSolutionNode = FALSE
	EndGlobalSection
	GlobalSection(ExtensibilityGlobals) = postSolution
		SolutionGuid = {A822B767-F0E2-4352-A062-4AC71F9A7365}
	EndGlobalSection
	GlobalSection(TeamFoundationVersionControl) = preSolution
		SccNumberOfProjects = 2
		SccEnterpriseProvider = {4CA58AB2-18FA-4F8D-95D4-32DDF27D184C}
		SccTeamFoundationServer = http://tfs:8080/tfs/onetfs
		SccLocalPath0 = .
		SccProjectUniqueName1 = ServiceBusWindsorTest\\ServiceBusWindsorTest.csproj
		SccProjectName1 = ServiceBusWindsorTest
		SccLocalPath1 = ServiceBusWindsorTest
	EndGlobalSection
EndGlobal
